
Microsoft Visual Studio Solution File, Format Version 12.00
# Visual Studio Version 17
VisualStudioVersion = 17.12.35521.163
MinimumVisualStudioVersion = 10.0.40219.1
Project("{9A19103F-16F7-4668-BE54-9A1E7A4F7556}") = "QLDT_Becamex", "QLDT_Becamex\QLDT_Becamex.csproj", "{DBC25CAE-4790-4E4D-883F-24DAFA595A5A}"
EndProject
Global
	GlobalSection(SolutionConfigurationPlatforms) = preSolution
		Debug|Any CPU = Debug|Any CPU
		Release|Any CPU = Release|Any CPU
	EndGlobalSection
	GlobalSection(ProjectConfigurationPlatforms) = postSolution
		{DBC25CAE-4790-4E4D-883F-24DAFA595A5A}.Debug|Any CPU.ActiveCfg = Debug|Any CPU
		{DBC25CAE-4790-4E4D-883F-24DAFA595A5A}.Debug|Any CPU.Build.0 = Debug|Any CPU
		{DBC25CAE-4790-4E4D-883F-24DAFA595A5A}.Release|Any CPU.ActiveCfg = Release|Any CPU
		{DBC25CAE-4790-4E4D-883F-24DAFA595A5A}.Release|Any CPU.Build.0 = Release|Any CPU
	EndGlobalSection
	GlobalSection(SolutionProperties) = preSolution
		HideSolutionNode = FALSE
	EndGlobalSection
	GlobalSection(ExtensibilityGlobals) = postSolution
		SolutionGuid = {D2112D40-7317-46E2-9D28-9A13FEF5C4D9}
	EndGlobalSection
EndGlobal
